
Microsoft Visual Studio Solution File, Format Version 12.00
# Visual Studio Version 16
VisualStudioVersion = 16.0.29911.84
MinimumVisualStudioVersion = 10.0.40219.1
Project("{FAE04EC0-301F-11D3-BF4B-00C04F79EFBC}") = "OxySnel", "OxySnel\OxySnel.csproj", "{89E49EF5-E73E-4014-9CF3-BDC1005588DA}"
EndProject
Project("{FAE04EC0-301F-11D3-BF4B-00C04F79EFBC}") = "SnelTest", "SnelTest\SnelTest.csproj", "{CE2B72E2-74C2-48CE-99F7-EA4F0F732FC4}"
EndProject
Global
	GlobalSection(SolutionConfigurationPlatforms) = preSolution
		Debug|Any CPU = Debug|Any CPU
		Release|Any CPU = Release|Any CPU
	EndGlobalSection
	GlobalSection(ProjectConfigurationPlatforms) = postSolution
		{89E49EF5-E73E-4014-9CF3-BDC1005588DA}.Debug|Any CPU.ActiveCfg = Debug|Any CPU
		{89E49EF5-E73E-4014-9CF3-BDC1005588DA}.Debug|Any CPU.Build.0 = Debug|Any CPU
		{89E49EF5-E73E-4014-9CF3-BDC1005588DA}.Release|Any CPU.ActiveCfg = Release|Any CPU
		{89E49EF5-E73E-4014-9CF3-BDC1005588DA}.Release|Any CPU.Build.0 = Release|Any CPU
		{CE2B72E2-74C2-48CE-99F7-EA4F0F732FC4}.Debug|Any CPU.ActiveCfg = Debug|Any CPU
		{CE2B72E2-74C2-48CE-99F7-EA4F0F732FC4}.Debug|Any CPU.Build.0 = Debug|Any CPU
		{CE2B72E2-74C2-48CE-99F7-EA4F0F732FC4}.Release|Any CPU.ActiveCfg = Release|Any CPU
		{CE2B72E2-74C2-48CE-99F7-EA4F0F732FC4}.Release|Any CPU.Build.0 = Release|Any CPU
	EndGlobalSection
	GlobalSection(SolutionProperties) = preSolution
		HideSolutionNode = FALSE
	EndGlobalSection
	GlobalSection(ExtensibilityGlobals) = postSolution
		SolutionGuid = {574AF1D7-23F4-42F1-B5F8-A2015801BD9E}
	EndGlobalSection
EndGlobal
